
Microsoft Visual Studio Solution File, Format Version 12.00
# Visual Studio 15
Project("{FAE04EC0-301F-11D3-BF4B-00C04F79EFBC}") = "TensorFlowUnity-ImageClassification-master", "TensorFlowUnity-ImageClassification-master.csproj", "{E713F51B-B9E2-0C91-37B9-2880F263877E}"
EndProject
Project("{FAE04EC0-301F-11D3-BF4B-00C04F79EFBC}") = "TensorFlowUnity-ImageClassification-master.Editor", "TensorFlowUnity-ImageClassification-master.Editor.csproj", "{58D86F36-DFF8-3867-9138-7CE6A8A9E00B}"
EndProject
Global
	GlobalSection(SolutionConfigurationPlatforms) = preSolution
		Debug|Any CPU = Debug|Any CPU
		Release|Any CPU = Release|Any CPU
	EndGlobalSection
	GlobalSection(ProjectConfigurationPlatforms) = postSolution
		{E713F51B-B9E2-0C91-37B9-2880F263877E}.Debug|Any CPU.ActiveCfg = Debug|Any CPU
		{E713F51B-B9E2-0C91-37B9-2880F263877E}.Debug|Any CPU.Build.0 = Debug|Any CPU
		{E713F51B-B9E2-0C91-37B9-2880F263877E}.Release|Any CPU.ActiveCfg = Release|Any CPU
		{E713F51B-B9E2-0C91-37B9-2880F263877E}.Release|Any CPU.Build.0 = Release|Any CPU
		{58D86F36-DFF8-3867-9138-7CE6A8A9E00B}.Debug|Any CPU.ActiveCfg = Debug|Any CPU
		{58D86F36-DFF8-3867-9138-7CE6A8A9E00B}.Debug|Any CPU.Build.0 = Debug|Any CPU
		{58D86F36-DFF8-3867-9138-7CE6A8A9E00B}.Release|Any CPU.ActiveCfg = Release|Any CPU
		{58D86F36-DFF8-3867-9138-7CE6A8A9E00B}.Release|Any CPU.Build.0 = Release|Any CPU
	EndGlobalSection
	GlobalSection(SolutionProperties) = preSolution
		HideSolutionNode = FALSE
	EndGlobalSection
EndGlobal
